
Microsoft Visual Studio Solution File, Format Version 12.00
# Visual Studio Version 17
VisualStudioVersion = 17.10.35027.167
MinimumVisualStudioVersion = 10.0.40219.1
Project("{FAE04EC0-301F-11D3-BF4B-00C04F79EFBC}") = "ClickVisualizer", "ClickVisualizer.csproj", "{DE451D7C-5985-4501-835C-2D1780C658E5}"
EndProject
Global
	GlobalSection(SolutionConfigurationPlatforms) = preSolution
		Debug|Any CPU = Debug|Any CPU
		Release|Any CPU = Release|Any CPU
	EndGlobalSection
	GlobalSection(ProjectConfigurationPlatforms) = postSolution
		{DE451D7C-5985-4501-835C-2D1780C658E5}.Debug|Any CPU.ActiveCfg = Debug|Any CPU
		{DE451D7C-5985-4501-835C-2D1780C658E5}.Debug|Any CPU.Build.0 = Debug|Any CPU
		{DE451D7C-5985-4501-835C-2D1780C658E5}.Release|Any CPU.ActiveCfg = Release|Any CPU
		{DE451D7C-5985-4501-835C-2D1780C658E5}.Release|Any CPU.Build.0 = Release|Any CPU
	EndGlobalSection
	GlobalSection(SolutionProperties) = preSolution
		HideSolutionNode = FALSE
	EndGlobalSection
	GlobalSection(ExtensibilityGlobals) = postSolution
		SolutionGuid = {4F89D82E-81C7-4F8B-9F27-3911BE09D071}
	EndGlobalSection
EndGlobal
